
Microsoft Visual Studio Solution File, Format Version 12.00
# Visual Studio Version 16
VisualStudioVersion = 16.0.31205.134
MinimumVisualStudioVersion = 10.0.40219.1
Project("{9A19103F-16F7-4668-BE54-9A1E7A4F7556}") = "Canducci.EntityFrameworkCore.Timestamps", "Canducci.EntityFrameworkCore.Timestamps\Canducci.EntityFrameworkCore.Timestamps.csproj", "{921F2676-6F6F-4DE5-A7B0-753F32604E80}"
EndProject
Project("{9A19103F-16F7-4668-BE54-9A1E7A4F7556}") = "CslAppConsole", "CslAppConsole\CslAppConsole.csproj", "{EFD69859-075C-4EDE-BC68-F8BE96B5802B}"
EndProject
Project("{2150E333-8FDC-42A3-9474-1A3956D46DE8}") = "Solution Items", "Solution Items", "{55105699-1DD9-4BC5-B503-610BD2DCEADF}"
	ProjectSection(SolutionItems) = preProject
		.github\workflows\dotnet.yml = .github\workflows\dotnet.yml
		README.md = README.md
	EndProjectSection
EndProject
Project("{9A19103F-16F7-4668-BE54-9A1E7A4F7556}") = "Canducci.EntityFrameworkCore.Timestamps.Test", "Canducci.EntityFrameworkCore.Timestamps.Test\Canducci.EntityFrameworkCore.Timestamps.Test.csproj", "{6D143D52-9595-4503-B67D-625375A5844A}"
EndProject
Global
	GlobalSection(SolutionConfigurationPlatforms) = preSolution
		Debug|Any CPU = Debug|Any CPU
		Release|Any CPU = Release|Any CPU
	EndGlobalSection
	GlobalSection(ProjectConfigurationPlatforms) = postSolution
		{921F2676-6F6F-4DE5-A7B0-753F32604E80}.Debug|Any CPU.ActiveCfg = Debug|Any CPU
		{921F2676-6F6F-4DE5-A7B0-753F32604E80}.Debug|Any CPU.Build.0 = Debug|Any CPU
		{921F2676-6F6F-4DE5-A7B0-753F32604E80}.Release|Any CPU.ActiveCfg = Release|Any CPU
		{921F2676-6F6F-4DE5-A7B0-753F32604E80}.Release|Any CPU.Build.0 = Release|Any CPU
		{EFD69859-075C-4EDE-BC68-F8BE96B5802B}.Debug|Any CPU.ActiveCfg = Debug|Any CPU
		{EFD69859-075C-4EDE-BC68-F8BE96B5802B}.Debug|Any CPU.Build.0 = Debug|Any CPU
		{EFD69859-075C-4EDE-BC68-F8BE96B5802B}.Release|Any CPU.ActiveCfg = Release|Any CPU
		{EFD69859-075C-4EDE-BC68-F8BE96B5802B}.Release|Any CPU.Build.0 = Release|Any CPU
		{6D143D52-9595-4503-B67D-625375A5844A}.Debug|Any CPU.ActiveCfg = Debug|Any CPU
		{6D143D52-9595-4503-B67D-625375A5844A}.Debug|Any CPU.Build.0 = Debug|Any CPU
		{6D143D52-9595-4503-B67D-625375A5844A}.Release|Any CPU.ActiveCfg = Release|Any CPU
		{6D143D52-9595-4503-B67D-625375A5844A}.Release|Any CPU.Build.0 = Release|Any CPU
	EndGlobalSection
	GlobalSection(SolutionProperties) = preSolution
		HideSolutionNode = FALSE
	EndGlobalSection
	GlobalSection(ExtensibilityGlobals) = postSolution
		SolutionGuid = {1F962CA7-3366-41C6-B59D-3450898F6D4D}
	EndGlobalSection
EndGlobal
